
Microsoft Visual Studio Solution File, Format Version 12.00
# Visual Studio Version 17
VisualStudioVersion = 17.0.31903.59
MinimumVisualStudioVersion = 10.0.40219.1
Project("{FAE04EC0-301F-11D3-BF4B-00C04F79EFBC}") = "GameHelper", "GameHelper\GameHelper.csproj", "{434B9809-B441-4206-AF19-80DA2DE2F585}"
EndProject
Project("{FAE04EC0-301F-11D3-BF4B-00C04F79EFBC}") = "GameOffsets", "GameOffsets\GameOffsets.csproj", "{5BFAB938-995D-411D-B394-5F9ED0F92AC8}"
EndProject
Project("{FAE04EC0-301F-11D3-BF4B-00C04F79EFBC}") = "Launcher", "Launcher\Launcher.csproj", "{FC9AA4CB-9C79-4EB3-BCC4-D98AE4704DB4}"
EndProject
Project("{FAE04EC0-301F-11D3-BF4B-00C04F79EFBC}") = "Downloader", "Downloader\Downloader.csproj", "{0052CABF-A264-4968-9E27-7D50229D7D8A}"
EndProject
Project("{2150E333-8FDC-42A3-9474-1A3956D46DE8}") = "Plugins", "Plugins", "{07D57EEB-2F50-60C4-C011-FE4FA775C9A8}"
EndProject
Project("{FAE04EC0-301F-11D3-BF4B-00C04F79EFBC}") = "AmanamuVoidAlert", "Plugins\AmanamuVoidAlert\AmanamuVoidAlert.csproj", "{37A703C0-C810-45FF-A5CB-D0E2BD85EA5A}"
EndProject
Project("{FAE04EC0-301F-11D3-BF4B-00C04F79EFBC}") = "Atlas", "Plugins\Atlas\Atlas.csproj", "{ABE53B9D-D297-413A-9214-9E13D8C94A66}"
EndProject
Project("{FAE04EC0-301F-11D3-BF4B-00C04F79EFBC}") = "AuraTracker", "Plugins\AuraTracker\AuraTracker.csproj", "{CEECFA28-4342-4A15-BD40-551565C94B2F}"
EndProject
Project("{FAE04EC0-301F-11D3-BF4B-00C04F79EFBC}") = "AutoHotKeyTrigger", "Plugins\AutoHotKeyTrigger\AutoHotKeyTrigger.csproj", "{402937FA-89AD-46DD-A591-4DBA6CC4B4EC}"
EndProject
Project("{FAE04EC0-301F-11D3-BF4B-00C04F79EFBC}") = "Autopot", "Plugins\Autopot\Autopot.csproj", "{33A503E0-308C-4BC7-93D2-3C25E14401B4}"
EndProject
Project("{FAE04EC0-301F-11D3-BF4B-00C04F79EFBC}") = "HealthBars", "Plugins\HealthBars\HealthBars.csproj", "{ECEDB36D-0409-4071-8CE4-35511B32ECFE}"
EndProject
Project("{FAE04EC0-301F-11D3-BF4B-00C04F79EFBC}") = "Hiveblood", "Plugins\Hiveblood\Hiveblood.csproj", "{A7FC82FA-C212-4129-AFDC-61A0F29E13BA}"
EndProject
Project("{FAE04EC0-301F-11D3-BF4B-00C04F79EFBC}") = "LootTracker", "Plugins\LootTracker\LootTracker.csproj", "{63C9B61C-5E3E-4F47-8BB0-D1402257E0BD}"
EndProject
Project("{FAE04EC0-301F-11D3-BF4B-00C04F79EFBC}") = "LootValue", "Plugins\LootValue\LootValue.csproj", "{7B1BFB00-4459-4462-B120-1F5AD4A06FB0}"
EndProject
Project("{FAE04EC0-301F-11D3-BF4B-00C04F79EFBC}") = "PlayerBuffBar", "Plugins\PlayerBuffBar\PlayerBuffBar.csproj", "{A8E6A7F1-1AD0-4027-8032-1B125CB39510}"
EndProject
Project("{FAE04EC0-301F-11D3-BF4B-00C04F79EFBC}") = "PreloadAlert", "Plugins\PreloadAlert\PreloadAlert.csproj", "{4DD38E87-2E2A-4469-9C02-C69E110B7D1D}"
EndProject
Project("{FAE04EC0-301F-11D3-BF4B-00C04F79EFBC}") = "Radar", "Plugins\Radar\Radar.csproj", "{F596866D-86EA-4F1C-8DDD-46258A52E0FE}"
EndProject
Project("{FAE04EC0-301F-11D3-BF4B-00C04F79EFBC}") = "RitualHelper", "Plugins\RitualHelper\RitualHelper.csproj", "{0D02E7D6-A726-4DE1-A912-E249768395A7}"
EndProject
Project("{FAE04EC0-301F-11D3-BF4B-00C04F79EFBC}") = "RunecraftHelper", "Plugins\RunecraftHelper\RunecraftHelper.csproj", "{350FB16D-9FA8-4ACD-9E9A-EEFFCFA468D3}"
EndProject
Project("{FAE04EC0-301F-11D3-BF4B-00C04F79EFBC}") = "SekhemaHelper", "Plugins\SekhemaHelper\SekhemaHelper.csproj", "{5597BFA5-ACFA-48B3-8F34-1A5A2C521DD0}"
EndProject
Project("{FAE04EC0-301F-11D3-BF4B-00C04F79EFBC}") = "SimpleBars", "Plugins\SimpleBars\SimpleBars.csproj", "{2231B664-9A48-4093-AD2A-CEE1E07E4A8A}"
EndProject
Global
	GlobalSection(SolutionConfigurationPlatforms) = preSolution
		Debug|Any CPU = Debug|Any CPU
		Debug|x64 = Debug|x64
		Debug|x86 = Debug|x86
		Release|Any CPU = Release|Any CPU
		Release|x64 = Release|x64
		Release|x86 = Release|x86
	EndGlobalSection
	GlobalSection(ProjectConfigurationPlatforms) = postSolution
		{434B9809-B441-4206-AF19-80DA2DE2F585}.Debug|Any CPU.ActiveCfg = Debug|Any CPU
		{434B9809-B441-4206-AF19-80DA2DE2F585}.Debug|Any CPU.Build.0 = Debug|Any CPU
		{434B9809-B441-4206-AF19-80DA2DE2F585}.Debug|x64.ActiveCfg = Debug|Any CPU
		{434B9809-B441-4206-AF19-80DA2DE2F585}.Debug|x64.Build.0 = Debug|Any CPU
		{434B9809-B441-4206-AF19-80DA2DE2F585}.Debug|x86.ActiveCfg = Debug|Any CPU
		{434B9809-B441-4206-AF19-80DA2DE2F585}.Debug|x86.Build.0 = Debug|Any CPU
		{434B9809-B441-4206-AF19-80DA2DE2F585}.Release|Any CPU.ActiveCfg = Release|Any CPU
		{434B9809-B441-4206-AF19-80DA2DE2F585}.Release|Any CPU.Build.0 = Release|Any CPU
		{434B9809-B441-4206-AF19-80DA2DE2F585}.Release|x64.ActiveCfg = Release|Any CPU
		{434B9809-B441-4206-AF19-80DA2DE2F585}.Release|x64.Build.0 = Release|Any CPU
		{434B9809-B441-4206-AF19-80DA2DE2F585}.Release|x86.ActiveCfg = Release|Any CPU
		{434B9809-B441-4206-AF19-80DA2DE2F585}.Release|x86.Build.0 = Release|Any CPU
		{5BFAB938-995D-411D-B394-5F9ED0F92AC8}.Debug|Any CPU.ActiveCfg = Debug|Any CPU
		{5BFAB938-995D-411D-B394-5F9ED0F92AC8}.Debug|Any CPU.Build.0 = Debug|Any CPU
		{5BFAB938-995D-411D-B394-5F9ED0F92AC8}.Debug|x64.ActiveCfg = Debug|Any CPU
		{5BFAB938-995D-411D-B394-5F9ED0F92AC8}.Debug|x64.Build.0 = Debug|Any CPU
		{5BFAB938-995D-411D-B394-5F9ED0F92AC8}.Debug|x86.ActiveCfg = Debug|Any CPU
		{5BFAB938-995D-411D-B394-5F9ED0F92AC8}.Debug|x86.Build.0 = Debug|Any CPU
		{5BFAB938-995D-411D-B394-5F9ED0F92AC8}.Release|Any CPU.ActiveCfg = Release|Any CPU
		{5BFAB938-995D-411D-B394-5F9ED0F92AC8}.Release|Any CPU.Build.0 = Release|Any CPU
		{5BFAB938-995D-411D-B394-5F9ED0F92AC8}.Release|x64.ActiveCfg = Release|Any CPU
		{5BFAB938-995D-411D-B394-5F9ED0F92AC8}.Release|x64.Build.0 = Release|Any CPU
		{5BFAB938-995D-411D-B394-5F9ED0F92AC8}.Release|x86.ActiveCfg = Release|Any CPU
		{5BFAB938-995D-411D-B394-5F9ED0F92AC8}.Release|x86.Build.0 = Release|Any CPU
		{FC9AA4CB-9C79-4EB3-BCC4-D98AE4704DB4}.Debug|Any CPU.ActiveCfg = Debug|Any CPU
		{FC9AA4CB-9C79-4EB3-BCC4-D98AE4704DB4}.Debug|Any CPU.Build.0 = Debug|Any CPU
		{FC9AA4CB-9C79-4EB3-BCC4-D98AE4704DB4}.Debug|x64.ActiveCfg = Debug|Any CPU
		{FC9AA4CB-9C79-4EB3-BCC4-D98AE4704DB4}.Debug|x64.Build.0 = Debug|Any CPU
		{FC9AA4CB-9C79-4EB3-BCC4-D98AE4704DB4}.Debug|x86.ActiveCfg = Debug|Any CPU
		{FC9AA4CB-9C79-4EB3-BCC4-D98AE4704DB4}.Debug|x86.Build.0 = Debug|Any CPU
		{FC9AA4CB-9C79-4EB3-BCC4-D98AE4704DB4}.Release|Any CPU.ActiveCfg = Release|Any CPU
		{FC9AA4CB-9C79-4EB3-BCC4-D98AE4704DB4}.Release|Any CPU.Build.0 = Release|Any CPU
		{FC9AA4CB-9C79-4EB3-BCC4-D98AE4704DB4}.Release|x64.ActiveCfg = Release|Any CPU
		{FC9AA4CB-9C79-4EB3-BCC4-D98AE4704DB4}.Release|x64.Build.0 = Release|Any CPU
		{FC9AA4CB-9C79-4EB3-BCC4-D98AE4704DB4}.Release|x86.ActiveCfg = Release|Any CPU
		{FC9AA4CB-9C79-4EB3-BCC4-D98AE4704DB4}.Release|x86.Build.0 = Release|Any CPU
		{0052CABF-A264-4968-9E27-7D50229D7D8A}.Debug|Any CPU.ActiveCfg = Debug|Any CPU
		{0052CABF-A264-4968-9E27-7D50229D7D8A}.Debug|Any CPU.Build.0 = Debug|Any CPU
		{0052CABF-A264-4968-9E27-7D50229D7D8A}.Debug|x64.ActiveCfg = Debug|Any CPU
		{0052CABF-A264-4968-9E27-7D50229D7D8A}.Debug|x64.Build.0 = Debug|Any CPU
		{0052CABF-A264-4968-9E27-7D50229D7D8A}.Debug|x86.ActiveCfg = Debug|Any CPU
		{0052CABF-A264-4968-9E27-7D50229D7D8A}.Debug|x86.Build.0 = Debug|Any CPU
		{0052CABF-A264-4968-9E27-7D50229D7D8A}.Release|Any CPU.ActiveCfg = Release|Any CPU
		{0052CABF-A264-4968-9E27-7D50229D7D8A}.Release|Any CPU.Build.0 = Release|Any CPU
		{0052CABF-A264-4968-9E27-7D50229D7D8A}.Release|x64.ActiveCfg = Release|Any CPU
		{0052CABF-A264-4968-9E27-7D50229D7D8A}.Release|x64.Build.0 = Release|Any CPU
		{0052CABF-A264-4968-9E27-7D50229D7D8A}.Release|x86.ActiveCfg = Release|Any CPU
		{0052CABF-A264-4968-9E27-7D50229D7D8A}.Release|x86.Build.0 = Release|Any CPU
		{37A703C0-C810-45FF-A5CB-D0E2BD85EA5A}.Debug|Any CPU.ActiveCfg = Debug|Any CPU
		{37A703C0-C810-45FF-A5CB-D0E2BD85EA5A}.Debug|Any CPU.Build.0 = Debug|Any CPU
		{37A703C0-C810-45FF-A5CB-D0E2BD85EA5A}.Debug|x64.ActiveCfg = Debug|Any CPU
		{37A703C0-C810-45FF-A5CB-D0E2BD85EA5A}.Debug|x64.Build.0 = Debug|Any CPU
		{37A703C0-C810-45FF-A5CB-D0E2BD85EA5A}.Debug|x86.ActiveCfg = Debug|Any CPU
		{37A703C0-C810-45FF-A5CB-D0E2BD85EA5A}.Debug|x86.Build.0 = Debug|Any CPU
		{37A703C0-C810-45FF-A5CB-D0E2BD85EA5A}.Release|Any CPU.ActiveCfg = Release|Any CPU
		{37A703C0-C810-45FF-A5CB-D0E2BD85EA5A}.Release|Any CPU.Build.0 = Release|Any CPU
		{37A703C0-C810-45FF-A5CB-D0E2BD85EA5A}.Release|x64.ActiveCfg = Release|Any CPU
		{37A703C0-C810-45FF-A5CB-D0E2BD85EA5A}.Release|x64.Build.0 = Release|Any CPU
		{37A703C0-C810-45FF-A5CB-D0E2BD85EA5A}.Release|x86.ActiveCfg = Release|Any CPU
		{37A703C0-C810-45FF-A5CB-D0E2BD85EA5A}.Release|x86.Build.0 = Release|Any CPU
		{ABE53B9D-D297-413A-9214-9E13D8C94A66}.Debug|Any CPU.ActiveCfg = Debug|Any CPU
		{ABE53B9D-D297-413A-9214-9E13D8C94A66}.Debug|Any CPU.Build.0 = Debug|Any CPU
		{ABE53B9D-D297-413A-9214-9E13D8C94A66}.Debug|x64.ActiveCfg = Debug|Any CPU
		{ABE53B9D-D297-413A-9214-9E13D8C94A66}.Debug|x64.Build.0 = Debug|Any CPU
		{ABE53B9D-D297-413A-9214-9E13D8C94A66}.Debug|x86.ActiveCfg = Debug|Any CPU
		{ABE53B9D-D297-413A-9214-9E13D8C94A66}.Debug|x86.Build.0 = Debug|Any CPU
		{ABE53B9D-D297-413A-9214-9E13D8C94A66}.Release|Any CPU.ActiveCfg = Release|Any CPU
		{ABE53B9D-D297-413A-9214-9E13D8C94A66}.Release|Any CPU.Build.0 = Release|Any CPU
		{ABE53B9D-D297-413A-9214-9E13D8C94A66}.Release|x64.ActiveCfg = Release|Any CPU
		{ABE53B9D-D297-413A-9214-9E13D8C94A66}.Release|x64.Build.0 = Release|Any CPU
		{ABE53B9D-D297-413A-9214-9E13D8C94A66}.Release|x86.ActiveCfg = Release|Any CPU
		{ABE53B9D-D297-413A-9214-9E13D8C94A66}.Release|x86.Build.0 = Release|Any CPU
		{CEECFA28-4342-4A15-BD40-551565C94B2F}.Debug|Any CPU.ActiveCfg = Debug|Any CPU
		{CEECFA28-4342-4A15-BD40-551565C94B2F}.Debug|Any CPU.Build.0 = Debug|Any CPU
		{CEECFA28-4342-4A15-BD40-551565C94B2F}.Debug|x64.ActiveCfg = Debug|Any CPU
		{CEECFA28-4342-4A15-BD40-551565C94B2F}.Debug|x64.Build.0 = Debug|Any CPU
		{CEECFA28-4342-4A15-BD40-551565C94B2F}.Debug|x86.ActiveCfg = Debug|Any CPU
		{CEECFA28-4342-4A15-BD40-551565C94B2F}.Debug|x86.Build.0 = Debug|Any CPU
		{CEECFA28-4342-4A15-BD40-551565C94B2F}.Release|Any CPU.ActiveCfg = Release|Any CPU
		{CEECFA28-4342-4A15-BD40-551565C94B2F}.Release|Any CPU.Build.0 = Release|Any CPU
		{CEECFA28-4342-4A15-BD40-551565C94B2F}.Release|x64.ActiveCfg = Release|Any CPU
		{CEECFA28-4342-4A15-BD40-551565C94B2F}.Release|x64.Build.0 = Release|Any CPU
		{CEECFA28-4342-4A15-BD40-551565C94B2F}.Release|x86.ActiveCfg = Release|Any CPU
		{CEECFA28-4342-4A15-BD40-551565C94B2F}.Release|x86.Build.0 = Release|Any CPU
		{402937FA-89AD-46DD-A591-4DBA6CC4B4EC}.Debug|Any CPU.ActiveCfg = Debug|Any CPU
		{402937FA-89AD-46DD-A591-4DBA6CC4B4EC}.Debug|Any CPU.Build.0 = Debug|Any CPU
		{402937FA-89AD-46DD-A591-4DBA6CC4B4EC}.Debug|x64.ActiveCfg = Debug|Any CPU
		{402937FA-89AD-46DD-A591-4DBA6CC4B4EC}.Debug|x64.Build.0 = Debug|Any CPU
		{402937FA-89AD-46DD-A591-4DBA6CC4B4EC}.Debug|x86.ActiveCfg = Debug|Any CPU
		{402937FA-89AD-46DD-A591-4DBA6CC4B4EC}.Debug|x86.Build.0 = Debug|Any CPU
		{402937FA-89AD-46DD-A591-4DBA6CC4B4EC}.Release|Any CPU.ActiveCfg = Release|Any CPU
		{402937FA-89AD-46DD-A591-4DBA6CC4B4EC}.Release|Any CPU.Build.0 = Release|Any CPU
		{402937FA-89AD-46DD-A591-4DBA6CC4B4EC}.Release|x64.ActiveCfg = Release|Any CPU
		{402937FA-89AD-46DD-A591-4DBA6CC4B4EC}.Release|x64.Build.0 = Release|Any CPU
		{402937FA-89AD-46DD-A591-4DBA6CC4B4EC}.Release|x86.ActiveCfg = Release|Any CPU
		{402937FA-89AD-46DD-A591-4DBA6CC4B4EC}.Release|x86.Build.0 = Release|Any CPU
		{33A503E0-308C-4BC7-93D2-3C25E14401B4}.Debug|Any CPU.ActiveCfg = Debug|Any CPU
		{33A503E0-308C-4BC7-93D2-3C25E14401B4}.Debug|Any CPU.Build.0 = Debug|Any CPU
		{33A503E0-308C-4BC7-93D2-3C25E14401B4}.Debug|x64.ActiveCfg = Debug|Any CPU
		{33A503E0-308C-4BC7-93D2-3C25E14401B4}.Debug|x64.Build.0 = Debug|Any CPU
		{33A503E0-308C-4BC7-93D2-3C25E14401B4}.Debug|x86.ActiveCfg = Debug|Any CPU
		{33A503E0-308C-4BC7-93D2-3C25E14401B4}.Debug|x86.Build.0 = Debug|Any CPU
		{33A503E0-308C-4BC7-93D2-3C25E14401B4}.Release|Any CPU.ActiveCfg = Release|Any CPU
		{33A503E0-308C-4BC7-93D2-3C25E14401B4}.Release|Any CPU.Build.0 = Release|Any CPU
		{33A503E0-308C-4BC7-93D2-3C25E14401B4}.Release|x64.ActiveCfg = Release|Any CPU
		{33A503E0-308C-4BC7-93D2-3C25E14401B4}.Release|x64.Build.0 = Release|Any CPU
		{33A503E0-308C-4BC7-93D2-3C25E14401B4}.Release|x86.ActiveCfg = Release|Any CPU
		{33A503E0-308C-4BC7-93D2-3C25E14401B4}.Release|x86.Build.0 = Release|Any CPU
		{ECEDB36D-0409-4071-8CE4-35511B32ECFE}.Debug|Any CPU.ActiveCfg = Debug|Any CPU
		{ECEDB36D-0409-4071-8CE4-35511B32ECFE}.Debug|Any CPU.Build.0 = Debug|Any CPU
		{ECEDB36D-0409-4071-8CE4-35511B32ECFE}.Debug|x64.ActiveCfg = Debug|Any CPU
		{ECEDB36D-0409-4071-8CE4-35511B32ECFE}.Debug|x64.Build.0 = Debug|Any CPU
		{ECEDB36D-0409-4071-8CE4-35511B32ECFE}.Debug|x86.ActiveCfg = Debug|Any CPU
		{ECEDB36D-0409-4071-8CE4-35511B32ECFE}.Debug|x86.Build.0 = Debug|Any CPU
		{ECEDB36D-0409-4071-8CE4-35511B32ECFE}.Release|Any CPU.ActiveCfg = Release|Any CPU
		{ECEDB36D-0409-4071-8CE4-35511B32ECFE}.Release|Any CPU.Build.0 = Release|Any CPU
		{ECEDB36D-0409-4071-8CE4-35511B32ECFE}.Release|x64.ActiveCfg = Release|Any CPU
		{ECEDB36D-0409-4071-8CE4-35511B32ECFE}.Release|x64.Build.0 = Release|Any CPU
		{ECEDB36D-0409-4071-8CE4-35511B32ECFE}.Release|x86.ActiveCfg = Release|Any CPU
		{ECEDB36D-0409-4071-8CE4-35511B32ECFE}.Release|x86.Build.0 = Release|Any CPU
		{A7FC82FA-C212-4129-AFDC-61A0F29E13BA}.Debug|Any CPU.ActiveCfg = Debug|Any CPU
		{A7FC82FA-C212-4129-AFDC-61A0F29E13BA}.Debug|Any CPU.Build.0 = Debug|Any CPU
		{A7FC82FA-C212-4129-AFDC-61A0F29E13BA}.Debug|x64.ActiveCfg = Debug|Any CPU
		{A7FC82FA-C212-4129-AFDC-61A0F29E13BA}.Debug|x64.Build.0 = Debug|Any CPU
		{A7FC82FA-C212-4129-AFDC-61A0F29E13BA}.Debug|x86.ActiveCfg = Debug|Any CPU
		{A7FC82FA-C212-4129-AFDC-61A0F29E13BA}.Debug|x86.Build.0 = Debug|Any CPU
		{A7FC82FA-C212-4129-AFDC-61A0F29E13BA}.Release|Any CPU.ActiveCfg = Release|Any CPU
		{A7FC82FA-C212-4129-AFDC-61A0F29E13BA}.Release|Any CPU.Build.0 = Release|Any CPU
		{A7FC82FA-C212-4129-AFDC-61A0F29E13BA}.Release|x64.ActiveCfg = Release|Any CPU
		{A7FC82FA-C212-4129-AFDC-61A0F29E13BA}.Release|x64.Build.0 = Release|Any CPU
		{A7FC82FA-C212-4129-AFDC-61A0F29E13BA}.Release|x86.ActiveCfg = Release|Any CPU
		{A7FC82FA-C212-4129-AFDC-61A0F29E13BA}.Release|x86.Build.0 = Release|Any CPU
		{63C9B61C-5E3E-4F47-8BB0-D1402257E0BD}.Debug|Any CPU.ActiveCfg = Debug|Any CPU
		{63C9B61C-5E3E-4F47-8BB0-D1402257E0BD}.Debug|Any CPU.Build.0 = Debug|Any CPU
		{63C9B61C-5E3E-4F47-8BB0-D1402257E0BD}.Debug|x64.ActiveCfg = Debug|Any CPU
		{63C9B61C-5E3E-4F47-8BB0-D1402257E0BD}.Debug|x64.Build.0 = Debug|Any CPU
		{63C9B61C-5E3E-4F47-8BB0-D1402257E0BD}.Debug|x86.ActiveCfg = Debug|Any CPU
		{63C9B61C-5E3E-4F47-8BB0-D1402257E0BD}.Debug|x86.Build.0 = Debug|Any CPU
		{63C9B61C-5E3E-4F47-8BB0-D1402257E0BD}.Release|Any CPU.ActiveCfg = Release|Any CPU
		{63C9B61C-5E3E-4F47-8BB0-D1402257E0BD}.Release|Any CPU.Build.0 = Release|Any CPU
		{63C9B61C-5E3E-4F47-8BB0-D1402257E0BD}.Release|x64.ActiveCfg = Release|Any CPU
		{63C9B61C-5E3E-4F47-8BB0-D1402257E0BD}.Release|x64.Build.0 = Release|Any CPU
		{63C9B61C-5E3E-4F47-8BB0-D1402257E0BD}.Release|x86.ActiveCfg = Release|Any CPU
		{63C9B61C-5E3E-4F47-8BB0-D1402257E0BD}.Release|x86.Build.0 = Release|Any CPU
		{7B1BFB00-4459-4462-B120-1F5AD4A06FB0}.Debug|Any CPU.ActiveCfg = Debug|Any CPU
		{7B1BFB00-4459-4462-B120-1F5AD4A06FB0}.Debug|Any CPU.Build.0 = Debug|Any CPU
		{7B1BFB00-4459-4462-B120-1F5AD4A06FB0}.Debug|x64.ActiveCfg = Debug|Any CPU
		{7B1BFB00-4459-4462-B120-1F5AD4A06FB0}.Debug|x64.Build.0 = Debug|Any CPU
		{7B1BFB00-4459-4462-B120-1F5AD4A06FB0}.Debug|x86.ActiveCfg = Debug|Any CPU
		{7B1BFB00-4459-4462-B120-1F5AD4A06FB0}.Debug|x86.Build.0 = Debug|Any CPU
		{7B1BFB00-4459-4462-B120-1F5AD4A06FB0}.Release|Any CPU.ActiveCfg = Release|Any CPU
		{7B1BFB00-4459-4462-B120-1F5AD4A06FB0}.Release|Any CPU.Build.0 = Release|Any CPU
		{7B1BFB00-4459-4462-B120-1F5AD4A06FB0}.Release|x64.ActiveCfg = Release|Any CPU
		{7B1BFB00-4459-4462-B120-1F5AD4A06FB0}.Release|x64.Build.0 = Release|Any CPU
		{7B1BFB00-4459-4462-B120-1F5AD4A06FB0}.Release|x86.ActiveCfg = Release|Any CPU
		{7B1BFB00-4459-4462-B120-1F5AD4A06FB0}.Release|x86.Build.0 = Release|Any CPU
		{A8E6A7F1-1AD0-4027-8032-1B125CB39510}.Debug|Any CPU.ActiveCfg = Debug|Any CPU
		{A8E6A7F1-1AD0-4027-8032-1B125CB39510}.Debug|Any CPU.Build.0 = Debug|Any CPU
		{A8E6A7F1-1AD0-4027-8032-1B125CB39510}.Debug|x64.ActiveCfg = Debug|Any CPU
		{A8E6A7F1-1AD0-4027-8032-1B125CB39510}.Debug|x64.Build.0 = Debug|Any CPU
		{A8E6A7F1-1AD0-4027-8032-1B125CB39510}.Debug|x86.ActiveCfg = Debug|Any CPU
		{A8E6A7F1-1AD0-4027-8032-1B125CB39510}.Debug|x86.Build.0 = Debug|Any CPU
		{A8E6A7F1-1AD0-4027-8032-1B125CB39510}.Release|Any CPU.ActiveCfg = Release|Any CPU
		{A8E6A7F1-1AD0-4027-8032-1B125CB39510}.Release|Any CPU.Build.0 = Release|Any CPU
		{A8E6A7F1-1AD0-4027-8032-1B125CB39510}.Release|x64.ActiveCfg = Release|Any CPU
		{A8E6A7F1-1AD0-4027-8032-1B125CB39510}.Release|x64.Build.0 = Release|Any CPU
		{A8E6A7F1-1AD0-4027-8032-1B125CB39510}.Release|x86.ActiveCfg = Release|Any CPU
		{A8E6A7F1-1AD0-4027-8032-1B125CB39510}.Release|x86.Build.0 = Release|Any CPU
		{4DD38E87-2E2A-4469-9C02-C69E110B7D1D}.Debug|Any CPU.ActiveCfg = Debug|Any CPU
		{4DD38E87-2E2A-4469-9C02-C69E110B7D1D}.Debug|Any CPU.Build.0 = Debug|Any CPU
		{4DD38E87-2E2A-4469-9C02-C69E110B7D1D}.Debug|x64.ActiveCfg = Debug|Any CPU
		{4DD38E87-2E2A-4469-9C02-C69E110B7D1D}.Debug|x64.Build.0 = Debug|Any CPU
		{4DD38E87-2E2A-4469-9C02-C69E110B7D1D}.Debug|x86.ActiveCfg = Debug|Any CPU
		{4DD38E87-2E2A-4469-9C02-C69E110B7D1D}.Debug|x86.Build.0 = Debug|Any CPU
		{4DD38E87-2E2A-4469-9C02-C69E110B7D1D}.Release|Any CPU.ActiveCfg = Release|Any CPU
		{4DD38E87-2E2A-4469-9C02-C69E110B7D1D}.Release|Any CPU.Build.0 = Release|Any CPU
		{4DD38E87-2E2A-4469-9C02-C69E110B7D1D}.Release|x64.ActiveCfg = Release|Any CPU
		{4DD38E87-2E2A-4469-9C02-C69E110B7D1D}.Release|x64.Build.0 = Release|Any CPU
		{4DD38E87-2E2A-4469-9C02-C69E110B7D1D}.Release|x86.ActiveCfg = Release|Any CPU
		{4DD38E87-2E2A-4469-9C02-C69E110B7D1D}.Release|x86.Build.0 = Release|Any CPU
		{F596866D-86EA-4F1C-8DDD-46258A52E0FE}.Debug|Any CPU.ActiveCfg = Debug|Any CPU
		{F596866D-86EA-4F1C-8DDD-46258A52E0FE}.Debug|Any CPU.Build.0 = Debug|Any CPU
		{F596866D-86EA-4F1C-8DDD-46258A52E0FE}.Debug|x64.ActiveCfg = Debug|Any CPU
		{F596866D-86EA-4F1C-8DDD-46258A52E0FE}.Debug|x64.Build.0 = Debug|Any CPU
		{F596866D-86EA-4F1C-8DDD-46258A52E0FE}.Debug|x86.ActiveCfg = Debug|Any CPU
		{F596866D-86EA-4F1C-8DDD-46258A52E0FE}.Debug|x86.Build.0 = Debug|Any CPU
		{F596866D-86EA-4F1C-8DDD-46258A52E0FE}.Release|Any CPU.ActiveCfg = Release|Any CPU
		{F596866D-86EA-4F1C-8DDD-46258A52E0FE}.Release|Any CPU.Build.0 = Release|Any CPU
		{F596866D-86EA-4F1C-8DDD-46258A52E0FE}.Release|x64.ActiveCfg = Release|Any CPU
		{F596866D-86EA-4F1C-8DDD-46258A52E0FE}.Release|x64.Build.0 = Release|Any CPU
		{F596866D-86EA-4F1C-8DDD-46258A52E0FE}.Release|x86.ActiveCfg = Release|Any CPU
		{F596866D-86EA-4F1C-8DDD-46258A52E0FE}.Release|x86.Build.0 = Release|Any CPU
		{0D02E7D6-A726-4DE1-A912-E249768395A7}.Debug|Any CPU.ActiveCfg = Debug|Any CPU
		{0D02E7D6-A726-4DE1-A912-E249768395A7}.Debug|Any CPU.Build.0 = Debug|Any CPU
		{0D02E7D6-A726-4DE1-A912-E249768395A7}.Debug|x64.ActiveCfg = Debug|Any CPU
		{0D02E7D6-A726-4DE1-A912-E249768395A7}.Debug|x64.Build.0 = Debug|Any CPU
		{0D02E7D6-A726-4DE1-A912-E249768395A7}.Debug|x86.ActiveCfg = Debug|Any CPU
		{0D02E7D6-A726-4DE1-A912-E249768395A7}.Debug|x86.Build.0 = Debug|Any CPU
		{0D02E7D6-A726-4DE1-A912-E249768395A7}.Release|Any CPU.ActiveCfg = Release|Any CPU
		{0D02E7D6-A726-4DE1-A912-E249768395A7}.Release|Any CPU.Build.0 = Release|Any CPU
		{0D02E7D6-A726-4DE1-A912-E249768395A7}.Release|x64.ActiveCfg = Release|Any CPU
		{0D02E7D6-A726-4DE1-A912-E249768395A7}.Release|x64.Build.0 = Release|Any CPU
		{0D02E7D6-A726-4DE1-A912-E249768395A7}.Release|x86.ActiveCfg = Release|Any CPU
		{0D02E7D6-A726-4DE1-A912-E249768395A7}.Release|x86.Build.0 = Release|Any CPU
		{350FB16D-9FA8-4ACD-9E9A-EEFFCFA468D3}.Debug|Any CPU.ActiveCfg = Debug|Any CPU
		{350FB16D-9FA8-4ACD-9E9A-EEFFCFA468D3}.Debug|Any CPU.Build.0 = Debug|Any CPU
		{350FB16D-9FA8-4ACD-9E9A-EEFFCFA468D3}.Debug|x64.ActiveCfg = Debug|Any CPU
		{350FB16D-9FA8-4ACD-9E9A-EEFFCFA468D3}.Debug|x64.Build.0 = Debug|Any CPU
		{350FB16D-9FA8-4ACD-9E9A-EEFFCFA468D3}.Debug|x86.ActiveCfg = Debug|Any CPU
		{350FB16D-9FA8-4ACD-9E9A-EEFFCFA468D3}.Debug|x86.Build.0 = Debug|Any CPU
		{350FB16D-9FA8-4ACD-9E9A-EEFFCFA468D3}.Release|Any CPU.ActiveCfg = Release|Any CPU
		{350FB16D-9FA8-4ACD-9E9A-EEFFCFA468D3}.Release|Any CPU.Build.0 = Release|Any CPU
		{350FB16D-9FA8-4ACD-9E9A-EEFFCFA468D3}.Release|x64.ActiveCfg = Release|Any CPU
		{350FB16D-9FA8-4ACD-9E9A-EEFFCFA468D3}.Release|x64.Build.0 = Release|Any CPU
		{350FB16D-9FA8-4ACD-9E9A-EEFFCFA468D3}.Release|x86.ActiveCfg = Release|Any CPU
		{350FB16D-9FA8-4ACD-9E9A-EEFFCFA468D3}.Release|x86.Build.0 = Release|Any CPU
		{5597BFA5-ACFA-48B3-8F34-1A5A2C521DD0}.Debug|Any CPU.ActiveCfg = Debug|Any CPU
		{5597BFA5-ACFA-48B3-8F34-1A5A2C521DD0}.Debug|Any CPU.Build.0 = Debug|Any CPU
		{5597BFA5-ACFA-48B3-8F34-1A5A2C521DD0}.Debug|x64.ActiveCfg = Debug|Any CPU
		{5597BFA5-ACFA-48B3-8F34-1A5A2C521DD0}.Debug|x64.Build.0 = Debug|Any CPU
		{5597BFA5-ACFA-48B3-8F34-1A5A2C521DD0}.Debug|x86.ActiveCfg = Debug|Any CPU
		{5597BFA5-ACFA-48B3-8F34-1A5A2C521DD0}.Debug|x86.Build.0 = Debug|Any CPU
		{5597BFA5-ACFA-48B3-8F34-1A5A2C521DD0}.Release|Any CPU.ActiveCfg = Release|Any CPU
		{5597BFA5-ACFA-48B3-8F34-1A5A2C521DD0}.Release|Any CPU.Build.0 = Release|Any CPU
		{5597BFA5-ACFA-48B3-8F34-1A5A2C521DD0}.Release|x64.ActiveCfg = Release|Any CPU
		{5597BFA5-ACFA-48B3-8F34-1A5A2C521DD0}.Release|x64.Build.0 = Release|Any CPU
		{5597BFA5-ACFA-48B3-8F34-1A5A2C521DD0}.Release|x86.ActiveCfg = Release|Any CPU
		{5597BFA5-ACFA-48B3-8F34-1A5A2C521DD0}.Release|x86.Build.0 = Release|Any CPU
		{2231B664-9A48-4093-AD2A-CEE1E07E4A8A}.Debug|Any CPU.ActiveCfg = Debug|Any CPU
		{2231B664-9A48-4093-AD2A-CEE1E07E4A8A}.Debug|Any CPU.Build.0 = Debug|Any CPU
		{2231B664-9A48-4093-AD2A-CEE1E07E4A8A}.Debug|x64.ActiveCfg = Debug|Any CPU
		{2231B664-9A48-4093-AD2A-CEE1E07E4A8A}.Debug|x64.Build.0 = Debug|Any CPU
		{2231B664-9A48-4093-AD2A-CEE1E07E4A8A}.Debug|x86.ActiveCfg = Debug|Any CPU
		{2231B664-9A48-4093-AD2A-CEE1E07E4A8A}.Debug|x86.Build.0 = Debug|Any CPU
		{2231B664-9A48-4093-AD2A-CEE1E07E4A8A}.Release|Any CPU.ActiveCfg = Release|Any CPU
		{2231B664-9A48-4093-AD2A-CEE1E07E4A8A}.Release|Any CPU.Build.0 = Release|Any CPU
		{2231B664-9A48-4093-AD2A-CEE1E07E4A8A}.Release|x64.ActiveCfg = Release|Any CPU
		{2231B664-9A48-4093-AD2A-CEE1E07E4A8A}.Release|x64.Build.0 = Release|Any CPU
		{2231B664-9A48-4093-AD2A-CEE1E07E4A8A}.Release|x86.ActiveCfg = Release|Any CPU
		{2231B664-9A48-4093-AD2A-CEE1E07E4A8A}.Release|x86.Build.0 = Release|Any CPU
	EndGlobalSection
	GlobalSection(SolutionProperties) = preSolution
		HideSolutionNode = FALSE
	EndGlobalSection
	GlobalSection(NestedProjects) = preSolution
		{37A703C0-C810-45FF-A5CB-D0E2BD85EA5A} = {07D57EEB-2F50-60C4-C011-FE4FA775C9A8}
		{ABE53B9D-D297-413A-9214-9E13D8C94A66} = {07D57EEB-2F50-60C4-C011-FE4FA775C9A8}
		{CEECFA28-4342-4A15-BD40-551565C94B2F} = {07D57EEB-2F50-60C4-C011-FE4FA775C9A8}
		{402937FA-89AD-46DD-A591-4DBA6CC4B4EC} = {07D57EEB-2F50-60C4-C011-FE4FA775C9A8}
		{33A503E0-308C-4BC7-93D2-3C25E14401B4} = {07D57EEB-2F50-60C4-C011-FE4FA775C9A8}
		{ECEDB36D-0409-4071-8CE4-35511B32ECFE} = {07D57EEB-2F50-60C4-C011-FE4FA775C9A8}
		{A7FC82FA-C212-4129-AFDC-61A0F29E13BA} = {07D57EEB-2F50-60C4-C011-FE4FA775C9A8}
		{63C9B61C-5E3E-4F47-8BB0-D1402257E0BD} = {07D57EEB-2F50-60C4-C011-FE4FA775C9A8}
		{7B1BFB00-4459-4462-B120-1F5AD4A06FB0} = {07D57EEB-2F50-60C4-C011-FE4FA775C9A8}
		{A8E6A7F1-1AD0-4027-8032-1B125CB39510} = {07D57EEB-2F50-60C4-C011-FE4FA775C9A8}
		{4DD38E87-2E2A-4469-9C02-C69E110B7D1D} = {07D57EEB-2F50-60C4-C011-FE4FA775C9A8}
		{F596866D-86EA-4F1C-8DDD-46258A52E0FE} = {07D57EEB-2F50-60C4-C011-FE4FA775C9A8}
		{0D02E7D6-A726-4DE1-A912-E249768395A7} = {07D57EEB-2F50-60C4-C011-FE4FA775C9A8}
		{350FB16D-9FA8-4ACD-9E9A-EEFFCFA468D3} = {07D57EEB-2F50-60C4-C011-FE4FA775C9A8}
		{5597BFA5-ACFA-48B3-8F34-1A5A2C521DD0} = {07D57EEB-2F50-60C4-C011-FE4FA775C9A8}
		{2231B664-9A48-4093-AD2A-CEE1E07E4A8A} = {07D57EEB-2F50-60C4-C011-FE4FA775C9A8}
	EndGlobalSection
EndGlobal
